{
  "version": "5",
  "specifiers": {
    "jsr:@hono/hono@4.12.26": "4.12.26",
    "npm:@biomejs/biome@1.9.4": "1.9.4",
    "npm:@types/bun@latest": "1.3.14",
    "npm:env-var@7.5.0": "7.5.0",
    "npm:hono@4.12.26": "4.12.26"
  },
  "jsr": {
    "@hono/hono@4.12.26": {
      "integrity": "f473c70caaa2bb4aad40354195aef58a58c685692d701e1349d1abbf08da22bd"
    }
  },
  "npm": {
    "@biomejs/biome@1.9.4": {
      "integrity": "sha512-1rkd7G70+o9KkTn5KLmDYXihGoTaIGO9PIIN2ZB7UJxFrWw04CZHPYiMRjYsaDvVV7hP1dYNRLxSANLaBFGpog==",
      "optionalDependencies": [
        "@biomejs/cli-darwin-arm64",
        "@biomejs/cli-darwin-x64",
        "@biomejs/cli-linux-arm64",
        "@biomejs/cli-linux-arm64-musl",
        "@biomejs/cli-linux-x64",
        "@biomejs/cli-linux-x64-musl",
        "@biomejs/cli-win32-arm64",
        "@biomejs/cli-win32-x64"
      ],
      "scripts": true,
      "bin": true
    },
    "@biomejs/cli-darwin-arm64@1.9.4": {
      "integrity": "sha512-bFBsPWrNvkdKrNCYeAp+xo2HecOGPAy9WyNyB/jKnnedgzl4W4Hb9ZMzYNbf8dMCGmUdSavlYHiR01QaYR58cw==",
      "os": ["darwin"],
      "cpu": ["arm64"]
    },
    "@biomejs/cli-darwin-x64@1.9.4": {
      "integrity": "sha512-ngYBh/+bEedqkSevPVhLP4QfVPCpb+4BBe2p7Xs32dBgs7rh9nY2AIYUL6BgLw1JVXV8GlpKmb/hNiuIxfPfZg==",
      "os": ["darwin"],
      "cpu": ["x64"]
    },
    "@biomejs/cli-linux-arm64-musl@1.9.4": {
      "integrity": "sha512-v665Ct9WCRjGa8+kTr0CzApU0+XXtRgwmzIf1SeKSGAv+2scAlW6JR5PMFo6FzqqZ64Po79cKODKf3/AAmECqA==",
      "os": ["linux"],
      "cpu": ["arm64"]
    },
    "@biomejs/cli-linux-arm64@1.9.4": {
      "integrity": "sha512-fJIW0+LYujdjUgJJuwesP4EjIBl/N/TcOX3IvIHJQNsAqvV2CHIogsmA94BPG6jZATS4Hi+xv4SkBBQSt1N4/g==",
      "os": ["linux"],
      "cpu": ["arm64"]
    },
    "@biomejs/cli-linux-x64-musl@1.9.4": {
      "integrity": "sha512-gEhi/jSBhZ2m6wjV530Yy8+fNqG8PAinM3oV7CyO+6c3CEh16Eizm21uHVsyVBEB6RIM8JHIl6AGYCv6Q6Q9Tg==",
      "os": ["linux"],
      "cpu": ["x64"]
    },
    "@biomejs/cli-linux-x64@1.9.4": {
      "integrity": "sha512-lRCJv/Vi3Vlwmbd6K+oQ0KhLHMAysN8lXoCI7XeHlxaajk06u7G+UsFSO01NAs5iYuWKmVZjmiOzJ0OJmGsMwg==",
      "os": ["linux"],
      "cpu": ["x64"]
    },
    "@biomejs/cli-win32-arm64@1.9.4": {
      "integrity": "sha512-tlbhLk+WXZmgwoIKwHIHEBZUwxml7bRJgk0X2sPyNR3S93cdRq6XulAZRQJ17FYGGzWne0fgrXBKpl7l4M87Hg==",
      "os": ["win32"],
      "cpu": ["arm64"]
    },
    "@biomejs/cli-win32-x64@1.9.4": {
      "integrity": "sha512-8Y5wMhVIPaWe6jw2H+KlEm4wP/f7EW3810ZLmDlrEEy5KvBsb9ECEfu/kMWD484ijfQ8+nIi0giMgu9g1UAuuA==",
      "os": ["win32"],
      "cpu": ["x64"]
    },
    "@types/bun@1.3.14": {
      "integrity": "sha512-h1hFqFVcvAvD9j9K7ZW7vd82aSA+rTdznZa+5bwvCwqSB1jmmfLcbIWhOLx1/+boy/xmjgCs/OMUL8hRJSmnPw==",
      "dependencies": [
        "bun-types"
      ]
    },
    "@types/node@25.9.3": {
      "integrity": "sha512-603BddQMv3pUcr4U2dhujk83N2tTDVr/34wII2B6bJy6g+8WD6yUb11jszNs0gdi4PesVWl7ABt8nYMVpnLUcg==",
      "dependencies": [
        "undici-types"
      ]
    },
    "bun-types@1.3.14": {
      "integrity": "sha512-4N0ig0fEomHt5R0KCFWjovxow98rIoRwKolrYdCcknNwMekCXRnWEUvgu5soYV8QXtVsrUD8B95MBOZGPvr6KQ==",
      "dependencies": [
        "@types/node"
      ]
    },
    "env-var@7.5.0": {
      "integrity": "sha512-mKZOzLRN0ETzau2W2QXefbFjo5EF4yWq28OyKb9ICdeNhHJlOE/pHHnz4hdYJ9cNZXcJHo5xN4OT4pzuSHSNvA=="
    },
    "hono@4.12.26": {
      "integrity": "sha512-uyZtpnYxM9CmQ7QsQknM4zN8EftNqhON1qYeIKM0Se67CCEe2c44xyGURwB0axX2fBDu1dqHrHAc1hmNT8ITkw=="
    },
    "undici-types@7.24.6": {
      "integrity": "sha512-WRNW+sJgj5OBN4/0JpHFqtqzhpbnV0GuB+OozA9gCL7a993SmU+1JBZCzLNxYsbMfIeDL+lTsphD5jN5N+n0zg=="
    }
  },
  "workspace": {
    "dependencies": [
      "jsr:@hono/hono@4.12.26",
      "npm:env-var@7.5.0"
    ],
    "packageJson": {
      "dependencies": [
        "npm:@biomejs/biome@1.9.4",
        "npm:@types/bun@latest",
        "npm:env-var@7.5.0",
        "npm:hono@4.12.26"
      ]
    }
  }
}
